
Microsoft Visual Studio Solution File, Format Version 12.00
# Visual Studio Version 17
VisualStudioVersion = 17.13.35828.75
MinimumVisualStudioVersion = 10.0.40219.1
Project("{FAE04EC0-301F-11D3-BF4B-00C04F79EFBC}") = "bookrental.web", "bookrental.web\bookrental.web.csproj", "{D0461338-C70E-44DB-B8E2-59FF06700788}"
EndProject
Project("{FAE04EC0-301F-11D3-BF4B-00C04F79EFBC}") = "bookrental.core", "bookrental.core\bookrental.core.csproj", "{B2621E72-2963-4B54-9427-A6806CD1812D}"
EndProject
Project("{FAE04EC0-301F-11D3-BF4B-00C04F79EFBC}") = "bookrental.services", "bookrental.services\bookrental.services.csproj", "{5365F29C-89FF-4DC7-B607-3A680F9DB242}"
EndProject
Project("{FAE04EC0-301F-11D3-BF4B-00C04F79EFBC}") = "bookrental.infrastructure", "bookrental.infrastructure\bookrental.infrastructure.csproj", "{896C59DD-426E-484A-AFC8-067935008777}"
EndProject
Global
	GlobalSection(SolutionConfigurationPlatforms) = preSolution
		Debug|Any CPU = Debug|Any CPU
		Release|Any CPU = Release|Any CPU
	EndGlobalSection
	GlobalSection(ProjectConfigurationPlatforms) = postSolution
		{D0461338-C70E-44DB-B8E2-59FF06700788}.Debug|Any CPU.ActiveCfg = Debug|Any CPU
		{D0461338-C70E-44DB-B8E2-59FF06700788}.Debug|Any CPU.Build.0 = Debug|Any CPU
		{D0461338-C70E-44DB-B8E2-59FF06700788}.Release|Any CPU.ActiveCfg = Release|Any CPU
		{D0461338-C70E-44DB-B8E2-59FF06700788}.Release|Any CPU.Build.0 = Release|Any CPU
		{B2621E72-2963-4B54-9427-A6806CD1812D}.Debug|Any CPU.ActiveCfg = Debug|Any CPU
		{B2621E72-2963-4B54-9427-A6806CD1812D}.Debug|Any CPU.Build.0 = Debug|Any CPU
		{B2621E72-2963-4B54-9427-A6806CD1812D}.Release|Any CPU.ActiveCfg = Release|Any CPU
		{B2621E72-2963-4B54-9427-A6806CD1812D}.Release|Any CPU.Build.0 = Release|Any CPU
		{5365F29C-89FF-4DC7-B607-3A680F9DB242}.Debug|Any CPU.ActiveCfg = Debug|Any CPU
		{5365F29C-89FF-4DC7-B607-3A680F9DB242}.Debug|Any CPU.Build.0 = Debug|Any CPU
		{5365F29C-89FF-4DC7-B607-3A680F9DB242}.Release|Any CPU.ActiveCfg = Release|Any CPU
		{5365F29C-89FF-4DC7-B607-3A680F9DB242}.Release|Any CPU.Build.0 = Release|Any CPU
		{896C59DD-426E-484A-AFC8-067935008777}.Debug|Any CPU.ActiveCfg = Debug|Any CPU
		{896C59DD-426E-484A-AFC8-067935008777}.Debug|Any CPU.Build.0 = Debug|Any CPU
		{896C59DD-426E-484A-AFC8-067935008777}.Release|Any CPU.ActiveCfg = Release|Any CPU
		{896C59DD-426E-484A-AFC8-067935008777}.Release|Any CPU.Build.0 = Release|Any CPU
	EndGlobalSection
	GlobalSection(SolutionProperties) = preSolution
		HideSolutionNode = FALSE
	EndGlobalSection
	GlobalSection(ExtensibilityGlobals) = postSolution
		SolutionGuid = {68F36A2D-EDD0-4D3E-BAA4-1FC1BBF135B6}
	EndGlobalSection
EndGlobal
